PODS:
  - Flutter (1.0.0)
  - survey_kit (0.0.1):
    - Flutter

DEPENDENCIES:
  - Flutter (from `Flutter`)
  - survey_kit (from `.symlinks/plugins/survey_kit/ios`)

EXTERNAL SOURCES:
  Flutter:
    :path: Flutter
  survey_kit:
    :path: ".symlinks/plugins/survey_kit/ios"

SPEC CHECKSUMS:
  Flutter: 0e3d915762c693b495b44d77113d4970485de6ec
  survey_kit: fabd7496d806f0b9679e5a448414da27d8b1a731

PODFILE CHECKSUM: aafe91acc616949ddb318b77800a7f51bffa2a4c

COCOAPODS: 1.10.1
